<?xml version="1.0" encoding="utf-8"?>
<Project ToolsVersion="4.0" xmlns="http://schemas.microsoft.com/developer/msbuild/2003">
  <ItemGroup>
    <Filter Include="Source Files">
      <UniqueIdentifier>{4FC737F1-C7A5-4376-A066-2A32D752A2FF}</UniqueIdentifier>
      <Extensions>cpp;c;cc;cxx;def;odl;idl;hpj;bat;asm;asmx</Extensions>
    </Filter>
    <Filter Include="Header Files">
      <UniqueIdentifier>{93995380-89BD-4b04-88EB-625FBE52EBFB}</UniqueIdentifier>
      <Extensions>h;hpp;hxx;hm;inl;inc;xsd</Extensions>
    </Filter>
    <Filter Include="Resource Files">
      <UniqueIdentifier>{67DA6AB6-F800-4c08-8B7A-83BB121AAD01}</UniqueIdentifier>
      <Extensions>rc;ico;cur;bmp;dlg;rc2;rct;bin;rgs;gif;jpg;jpeg;jpe;resx;tiff;tif;png;wav</Extensions>
    </Filter>
    <Filter Include="Header Files\GLUtils">
      <UniqueIdentifier>{a2d5147c-9fab-4da4-975c-585ba7e63a12}</UniqueIdentifier>
    </Filter>
    <Filter Include="Shaders">
      <UniqueIdentifier>{271770ee-387d-47bd-981a-ff0fbe839fdf}</UniqueIdentifier>
    </Filter>
    <Filter Include="Threading">
      <UniqueIdentifier>{8f0e804e-6985-4f07-8319-3b14737f0da9}</UniqueIdentifier>
    </Filter>
  </ItemGroup>
  <ItemGroup>
    <ClInclude Include="include\GameManager.h">
      <Filter>Header Files</Filter>
    </ClInclude>
    <ClInclude Include="include\Timer.h">
      <Filter>Header Files</Filter>
    </ClInclude>
    <ClInclude Include="include\VirtualTrackball.h">
      <Filter>Header Files</Filter>
    </ClInclude>
    <ClInclude Include="include\GLUtils\GLUtils.hpp">
      <Filter>Header Files\GLUtils</Filter>
    </ClInclude>
    <ClInclude Include="include\GLUtils\Program.hpp">
      <Filter>Header Files\GLUtils</Filter>
    </ClInclude>
    <ClInclude Include="include\GLUtils\VBO.hpp">
      <Filter>Header Files\GLUtils</Filter>
    </ClInclude>
    <ClInclude Include="include\Model.h">
      <Filter>Header Files</Filter>
    </ClInclude>
    <ClInclude Include="include\GameException.h">
      <Filter>Header Files</Filter>
    </ClInclude>
    <ClInclude Include="include\FileHandler.h">
      <Filter>Header Files</Filter>
    </ClInclude>
    <ClInclude Include="include\TextureFactory.h">
      <Filter>Header Files</Filter>
    </ClInclude>
    <ClInclude Include="include\TextRenderer.h">
      <Filter>Header Files</Filter>
    </ClInclude>
    <ClInclude Include="include\DirectoryBrowser.h">
      <Filter>Header Files</Filter>
    </ClInclude>
    <ClInclude Include="src\Video.h">
      <Filter>Header Files</Filter>
    </ClInclude>
    <ClInclude Include="include\ThreadPool_old.h">
      <Filter>Header Files</Filter>
    </ClInclude>
    <ClInclude Include="include\ThreadPool.h">
      <Filter>Threading</Filter>
    </ClInclude>
    <ClInclude Include="include\PooledThread.h">
      <Filter>Threading</Filter>
    </ClInclude>
    <ClInclude Include="include\VideoThreadedUtil.h">
      <Filter>Threading</Filter>
    </ClInclude>
    <ClInclude Include="include\ThreadingException.h">
      <Filter>Threading</Filter>
    </ClInclude>
  </ItemGroup>
  <ItemGroup>
    <ClCompile Include="src\GameManager.cpp">
      <Filter>Source Files</Filter>
    </ClCompile>
    <ClCompile Include="src\main.cpp">
      <Filter>Source Files</Filter>
    </ClCompile>
    <ClCompile Include="src\VirtualTrackball.cpp">
      <Filter>Source Files</Filter>
    </ClCompile>
    <ClCompile Include="src\Model.cpp">
      <Filter>Source Files</Filter>
    </ClCompile>
    <ClCompile Include="src\FileHandler.cpp">
      <Filter>Source Files</Filter>
    </ClCompile>
    <ClCompile Include="src\TextureFactory.cpp">
      <Filter>Source Files</Filter>
    </ClCompile>
    <ClCompile Include="src\TextRenderer.cpp">
      <Filter>Source Files</Filter>
    </ClCompile>
    <ClCompile Include="src\DirectoryBrowser.cpp">
      <Filter>Source Files</Filter>
    </ClCompile>
    <ClCompile Include="src\Video.cpp">
      <Filter>Source Files</Filter>
    </ClCompile>
    <ClCompile Include="src\ThreadPool_old.cpp">
      <Filter>Source Files</Filter>
    </ClCompile>
    <ClCompile Include="src\ThreadPool.cpp">
      <Filter>Threading</Filter>
    </ClCompile>
    <ClCompile Include="src\PooledThread.cpp">
      <Filter>Threading</Filter>
    </ClCompile>
    <ClCompile Include="src\VideoThreadedUtil.cpp">
      <Filter>Threading</Filter>
    </ClCompile>
  </ItemGroup>
  <ItemGroup>
    <None Include="shaders\flat.frag">
      <Filter>Shaders</Filter>
    </None>
    <None Include="shaders\wireframe.vert">
      <Filter>Shaders</Filter>
    </None>
    <None Include="shaders\flat.vert">
      <Filter>Shaders</Filter>
    </None>
    <None Include="shaders\hidden_line.frag">
      <Filter>Shaders</Filter>
    </None>
    <None Include="shaders\hidden_line.vert">
      <Filter>Shaders</Filter>
    </None>
    <None Include="shaders\phong.frag">
      <Filter>Shaders</Filter>
    </None>
    <None Include="shaders\phong.vert">
      <Filter>Shaders</Filter>
    </None>
    <None Include="shaders\text.frag">
      <Filter>Shaders</Filter>
    </None>
    <None Include="shaders\text.vert">
      <Filter>Shaders</Filter>
    </None>
    <None Include="shaders\textured.frag">
      <Filter>Shaders</Filter>
    </None>
    <None Include="shaders\textured.vert">
      <Filter>Shaders</Filter>
    </None>
    <None Include="shaders\wireframe.frag">
      <Filter>Shaders</Filter>
    </None>
    <None Include="shaders\fbo.vert">
      <Filter>Shaders</Filter>
    </None>
    <None Include="shaders\fbo.frag">
      <Filter>Shaders</Filter>
    </None>
    <None Include="shaders\lightPoV.frag">
      <Filter>Shaders</Filter>
    </None>
    <None Include="shaders\lightPoV.vert">
      <Filter>Shaders</Filter>
    </None>
  </ItemGroup>
</Project>